
Microsoft Visual Studio Solution File, Format Version 12.00
# Visual Studio Version 16
VisualStudioVersion = 16.0.30621.155
MinimumVisualStudioVersion = 10.0.40219.1
Project("{FAE04EC0-301F-11D3-BF4B-00C04F79EFBC}") = "Project_Visualisation", "Project_Visualisation\Project_Visualisation.csproj", "{FFDD85AB-4AD7-4F09-B283-705588CF1742}"
EndProject
Global
	GlobalSection(SolutionConfigurationPlatforms) = preSolution
		Debug|Any CPU = Debug|Any CPU
		Release|Any CPU = Release|Any CPU
	EndGlobalSection
	GlobalSection(ProjectConfigurationPlatforms) = postSolution
		{FFDD85AB-4AD7-4F09-B283-705588CF1742}.Debug|Any CPU.ActiveCfg = Debug|Any CPU
		{FFDD85AB-4AD7-4F09-B283-705588CF1742}.Debug|Any CPU.Build.0 = Debug|Any CPU
		{FFDD85AB-4AD7-4F09-B283-705588CF1742}.Release|Any CPU.ActiveCfg = Release|Any CPU
		{FFDD85AB-4AD7-4F09-B283-705588CF1742}.Release|Any CPU.Build.0 = Release|Any CPU
	EndGlobalSection
	GlobalSection(SolutionProperties) = preSolution
		HideSolutionNode = FALSE
	EndGlobalSection
	GlobalSection(ExtensibilityGlobals) = postSolution
		SolutionGuid = {43825D57-C3FD-4EA5-998B-E661BEDA0A88}
	EndGlobalSection
EndGlobal
